
Microsoft Visual Studio Solution File, Format Version 12.00
# Visual Studio 15
VisualStudioVersion = 15.0.27428.2027
MinimumVisualStudioVersion = 10.0.40219.1
Project("{FAE04EC0-301F-11D3-BF4B-00C04F79EFBC}") = "ComponentsComplete", "ComponentsComplete\ComponentsComplete.csproj", "{99C70012-22EA-478A-9987-C4E94A00F5E0}"
EndProject
Global
	GlobalSection(SolutionConfigurationPlatforms) = preSolution
		Debug|Any CPU = Debug|Any CPU
		Release|Any CPU = Release|Any CPU
	EndGlobalSection
	GlobalSection(ProjectConfigurationPlatforms) = postSolution
		{99C70012-22EA-478A-9987-C4E94A00F5E0}.Debug|Any CPU.ActiveCfg = Debug|Any CPU
		{99C70012-22EA-478A-9987-C4E94A00F5E0}.Debug|Any CPU.Build.0 = Debug|Any CPU
		{99C70012-22EA-478A-9987-C4E94A00F5E0}.Release|Any CPU.ActiveCfg = Release|Any CPU
		{99C70012-22EA-478A-9987-C4E94A00F5E0}.Release|Any CPU.Build.0 = Release|Any CPU
	EndGlobalSection
	GlobalSection(SolutionProperties) = preSolution
		HideSolutionNode = FALSE
	EndGlobalSection
	GlobalSection(ExtensibilityGlobals) = postSolution
		SolutionGuid = {C2D14A46-DAEF-4D62-BDE1-3C6BE429290D}
	EndGlobalSection
EndGlobal
